
Microsoft Visual Studio Solution File, Format Version 12.00
# Visual Studio Version 17
VisualStudioVersion = 17.13.35931.197
MinimumVisualStudioVersion = 10.0.40219.1
Project("{FAE04EC0-301F-11D3-BF4B-00C04F79EFBC}") = "TwoSum", "TwoSum\TwoSum.csproj", "{E1E59EC0-5DFA-4B35-96F5-146AAF7A5C14}"
EndProject
Project("{FAE04EC0-301F-11D3-BF4B-00C04F79EFBC}") = "RomanToInt", "RomanToInt\RomanToInt.csproj", "{F34F62F4-633D-43D6-BF2B-7D2B8BA147C9}"
EndProject
Project("{FAE04EC0-301F-11D3-BF4B-00C04F79EFBC}") = "PalindromeNumber", "PalindromeNumber\PalindromeNumber.csproj", "{1BCF9A26-9B64-4E00-BBE3-923C49F6E1C0}"
EndProject
Project("{FAE04EC0-301F-11D3-BF4B-00C04F79EFBC}") = "LongestCommonPrefix", "LongestCommonPrefix\LongestCommonPrefix.csproj", "{20E02112-AB12-473D-AB42-69A744DEB435}"
EndProject
Project("{FAE04EC0-301F-11D3-BF4B-00C04F79EFBC}") = "MergeTwoSortedList", "MergeTwoSortedList\MergeTwoSortedList.csproj", "{E6A4EBFC-4C7D-40F8-8198-9E918F500EE9}"
EndProject
Project("{FAE04EC0-301F-11D3-BF4B-00C04F79EFBC}") = "IntegerToRoman", "IntegerToRoman\IntegerToRoman.csproj", "{2CF402C7-A331-48FC-B40A-295FF5198FE8}"
EndProject
Global
	GlobalSection(SolutionConfigurationPlatforms) = preSolution
		Debug|Any CPU = Debug|Any CPU
		Release|Any CPU = Release|Any CPU
	EndGlobalSection
	GlobalSection(ProjectConfigurationPlatforms) = postSolution
		{E1E59EC0-5DFA-4B35-96F5-146AAF7A5C14}.Debug|Any CPU.ActiveCfg = Debug|Any CPU
		{E1E59EC0-5DFA-4B35-96F5-146AAF7A5C14}.Debug|Any CPU.Build.0 = Debug|Any CPU
		{E1E59EC0-5DFA-4B35-96F5-146AAF7A5C14}.Release|Any CPU.ActiveCfg = Release|Any CPU
		{E1E59EC0-5DFA-4B35-96F5-146AAF7A5C14}.Release|Any CPU.Build.0 = Release|Any CPU
		{F34F62F4-633D-43D6-BF2B-7D2B8BA147C9}.Debug|Any CPU.ActiveCfg = Debug|Any CPU
		{F34F62F4-633D-43D6-BF2B-7D2B8BA147C9}.Debug|Any CPU.Build.0 = Debug|Any CPU
		{F34F62F4-633D-43D6-BF2B-7D2B8BA147C9}.Release|Any CPU.ActiveCfg = Release|Any CPU
		{F34F62F4-633D-43D6-BF2B-7D2B8BA147C9}.Release|Any CPU.Build.0 = Release|Any CPU
		{1BCF9A26-9B64-4E00-BBE3-923C49F6E1C0}.Debug|Any CPU.ActiveCfg = Debug|Any CPU
		{1BCF9A26-9B64-4E00-BBE3-923C49F6E1C0}.Debug|Any CPU.Build.0 = Debug|Any CPU
		{1BCF9A26-9B64-4E00-BBE3-923C49F6E1C0}.Release|Any CPU.ActiveCfg = Release|Any CPU
		{1BCF9A26-9B64-4E00-BBE3-923C49F6E1C0}.Release|Any CPU.Build.0 = Release|Any CPU
		{20E02112-AB12-473D-AB42-69A744DEB435}.Debug|Any CPU.ActiveCfg = Debug|Any CPU
		{20E02112-AB12-473D-AB42-69A744DEB435}.Debug|Any CPU.Build.0 = Debug|Any CPU
		{20E02112-AB12-473D-AB42-69A744DEB435}.Release|Any CPU.ActiveCfg = Release|Any CPU
		{20E02112-AB12-473D-AB42-69A744DEB435}.Release|Any CPU.Build.0 = Release|Any CPU
		{E6A4EBFC-4C7D-40F8-8198-9E918F500EE9}.Debug|Any CPU.ActiveCfg = Debug|Any CPU
		{E6A4EBFC-4C7D-40F8-8198-9E918F500EE9}.Debug|Any CPU.Build.0 = Debug|Any CPU
		{E6A4EBFC-4C7D-40F8-8198-9E918F500EE9}.Release|Any CPU.ActiveCfg = Release|Any CPU
		{E6A4EBFC-4C7D-40F8-8198-9E918F500EE9}.Release|Any CPU.Build.0 = Release|Any CPU
		{2CF402C7-A331-48FC-B40A-295FF5198FE8}.Debug|Any CPU.ActiveCfg = Debug|Any CPU
		{2CF402C7-A331-48FC-B40A-295FF5198FE8}.Debug|Any CPU.Build.0 = Debug|Any CPU
		{2CF402C7-A331-48FC-B40A-295FF5198FE8}.Release|Any CPU.ActiveCfg = Release|Any CPU
		{2CF402C7-A331-48FC-B40A-295FF5198FE8}.Release|Any CPU.Build.0 = Release|Any CPU
	EndGlobalSection
	GlobalSection(SolutionProperties) = preSolution
		HideSolutionNode = FALSE
	EndGlobalSection
	GlobalSection(ExtensibilityGlobals) = postSolution
		SolutionGuid = {6A5715DA-2470-4E95-84EE-4F7A470F6007}
	EndGlobalSection
EndGlobal
