
Microsoft Visual Studio Solution File, Format Version 12.00
# Visual Studio Version 17
VisualStudioVersion = 17.13.35931.197
MinimumVisualStudioVersion = 10.0.40219.1
Project("{FAE04EC0-301F-11D3-BF4B-00C04F79EFBC}") = "1-TwoSum", "TwoSum\1-TwoSum.csproj", "{E1E59EC0-5DFA-4B35-96F5-146AAF7A5C14}"
EndProject
Project("{FAE04EC0-301F-11D3-BF4B-00C04F79EFBC}") = "13-RomanToInteger", "RomanToInt\13-RomanToInteger.csproj", "{F34F62F4-633D-43D6-BF2B-7D2B8BA147C9}"
EndProject
Project("{FAE04EC0-301F-11D3-BF4B-00C04F79EFBC}") = "9-PalindromeNumber", "PalindromeNumber\9-PalindromeNumber.csproj", "{1BCF9A26-9B64-4E00-BBE3-923C49F6E1C0}"
EndProject
Project("{FAE04EC0-301F-11D3-BF4B-00C04F79EFBC}") = "14-LongestCommonPrefix", "LongestCommonPrefix\14-LongestCommonPrefix.csproj", "{20E02112-AB12-473D-AB42-69A744DEB435}"
EndProject
Project("{FAE04EC0-301F-11D3-BF4B-00C04F79EFBC}") = "21-MergeTwoSortedList", "MergeTwoSortedList\21-MergeTwoSortedList.csproj", "{E6A4EBFC-4C7D-40F8-8198-9E918F500EE9}"
EndProject
Project("{FAE04EC0-301F-11D3-BF4B-00C04F79EFBC}") = "12-IntegerToRoman", "IntegerToRoman\12-IntegerToRoman.csproj", "{2CF402C7-A331-48FC-B40A-295FF5198FE8}"
EndProject
Project("{FAE04EC0-301F-11D3-BF4B-00C04F79EFBC}") = "2-AddTwoNumbers", "AddTwoNumbers\2-AddTwoNumbers.csproj", "{DFDBC3C6-E465-4A39-B456-C3C31C0EEE14}"
EndProject
Project("{FAE04EC0-301F-11D3-BF4B-00C04F79EFBC}") = "3-LongestSubstringWithoutRepeatingCharacters", "LongestSubstringWithoutRepeatingCharacters\3-LongestSubstringWithoutRepeatingCharacters.csproj", "{1665414C-77DC-4230-9A65-636A3586E658}"
EndProject
Project("{FAE04EC0-301F-11D3-BF4B-00C04F79EFBC}") = "ReadmeGenerator", "ReadmeGenerator\ReadmeGenerator.csproj", "{D528DA0F-749C-4524-BDC7-CA85DE4B37E3}"
EndProject
Project("{FAE04EC0-301F-11D3-BF4B-00C04F79EFBC}") = "11-ContainerWithMostWater", "ContainerWithMostWater\11-ContainerWithMostWater.csproj", "{1CEF45C9-15E1-4491-A0C8-21298599ED6D}"
EndProject
Project("{FAE04EC0-301F-11D3-BF4B-00C04F79EFBC}") = "23-MergeKSortedLists", "MergeKSortedLists\23-MergeKSortedLists.csproj", "{C681F36D-3DDC-463E-8AD3-8294BDE90B3C}"
EndProject
Project("{FAE04EC0-301F-11D3-BF4B-00C04F79EFBC}") = "704-BinarySearch", "BinarySearch\704-BinarySearch.csproj", "{C7D4EE3D-809C-4D0E-85B4-818075F93A8B}"
EndProject
Project("{FAE04EC0-301F-11D3-BF4B-00C04F79EFBC}") = "4-MedianOfTwoSortedArrays", "MedianOfTwoSortedArrays\4-MedianOfTwoSortedArrays.csproj", "{F00B0BE4-04C5-4074-803A-B1BDC08A61AD}"
EndProject
Project("{FAE04EC0-301F-11D3-BF4B-00C04F79EFBC}") = "15-3Sum", "15-3Sum\15-3Sum.csproj", "{E6BCF1E3-5DC7-4EE3-8ABA-DCA9FF241BDB}"
EndProject
Project("{FAE04EC0-301F-11D3-BF4B-00C04F79EFBC}") = "206-ReverseLinkedList", "206-ReverseLinkedList\206-ReverseLinkedList.csproj", "{FBE7482C-EFDD-4E3E-9A58-A7A873273E4F}"
EndProject
Global
	GlobalSection(SolutionConfigurationPlatforms) = preSolution
		Debug|Any CPU = Debug|Any CPU
		Release|Any CPU = Release|Any CPU
	EndGlobalSection
	GlobalSection(ProjectConfigurationPlatforms) = postSolution
		{E1E59EC0-5DFA-4B35-96F5-146AAF7A5C14}.Debug|Any CPU.ActiveCfg = Debug|Any CPU
		{E1E59EC0-5DFA-4B35-96F5-146AAF7A5C14}.Debug|Any CPU.Build.0 = Debug|Any CPU
		{E1E59EC0-5DFA-4B35-96F5-146AAF7A5C14}.Release|Any CPU.ActiveCfg = Release|Any CPU
		{E1E59EC0-5DFA-4B35-96F5-146AAF7A5C14}.Release|Any CPU.Build.0 = Release|Any CPU
		{F34F62F4-633D-43D6-BF2B-7D2B8BA147C9}.Debug|Any CPU.ActiveCfg = Debug|Any CPU
		{F34F62F4-633D-43D6-BF2B-7D2B8BA147C9}.Debug|Any CPU.Build.0 = Debug|Any CPU
		{F34F62F4-633D-43D6-BF2B-7D2B8BA147C9}.Release|Any CPU.ActiveCfg = Release|Any CPU
		{F34F62F4-633D-43D6-BF2B-7D2B8BA147C9}.Release|Any CPU.Build.0 = Release|Any CPU
		{1BCF9A26-9B64-4E00-BBE3-923C49F6E1C0}.Debug|Any CPU.ActiveCfg = Debug|Any CPU
		{1BCF9A26-9B64-4E00-BBE3-923C49F6E1C0}.Debug|Any CPU.Build.0 = Debug|Any CPU
		{1BCF9A26-9B64-4E00-BBE3-923C49F6E1C0}.Release|Any CPU.ActiveCfg = Release|Any CPU
		{1BCF9A26-9B64-4E00-BBE3-923C49F6E1C0}.Release|Any CPU.Build.0 = Release|Any CPU
		{20E02112-AB12-473D-AB42-69A744DEB435}.Debug|Any CPU.ActiveCfg = Debug|Any CPU
		{20E02112-AB12-473D-AB42-69A744DEB435}.Debug|Any CPU.Build.0 = Debug|Any CPU
		{20E02112-AB12-473D-AB42-69A744DEB435}.Release|Any CPU.ActiveCfg = Release|Any CPU
		{20E02112-AB12-473D-AB42-69A744DEB435}.Release|Any CPU.Build.0 = Release|Any CPU
		{E6A4EBFC-4C7D-40F8-8198-9E918F500EE9}.Debug|Any CPU.ActiveCfg = Debug|Any CPU
		{E6A4EBFC-4C7D-40F8-8198-9E918F500EE9}.Debug|Any CPU.Build.0 = Debug|Any CPU
		{E6A4EBFC-4C7D-40F8-8198-9E918F500EE9}.Release|Any CPU.ActiveCfg = Release|Any CPU
		{E6A4EBFC-4C7D-40F8-8198-9E918F500EE9}.Release|Any CPU.Build.0 = Release|Any CPU
		{2CF402C7-A331-48FC-B40A-295FF5198FE8}.Debug|Any CPU.ActiveCfg = Debug|Any CPU
		{2CF402C7-A331-48FC-B40A-295FF5198FE8}.Debug|Any CPU.Build.0 = Debug|Any CPU
		{2CF402C7-A331-48FC-B40A-295FF5198FE8}.Release|Any CPU.ActiveCfg = Release|Any CPU
		{2CF402C7-A331-48FC-B40A-295FF5198FE8}.Release|Any CPU.Build.0 = Release|Any CPU
		{DFDBC3C6-E465-4A39-B456-C3C31C0EEE14}.Debug|Any CPU.ActiveCfg = Debug|Any CPU
		{DFDBC3C6-E465-4A39-B456-C3C31C0EEE14}.Debug|Any CPU.Build.0 = Debug|Any CPU
		{DFDBC3C6-E465-4A39-B456-C3C31C0EEE14}.Release|Any CPU.ActiveCfg = Release|Any CPU
		{DFDBC3C6-E465-4A39-B456-C3C31C0EEE14}.Release|Any CPU.Build.0 = Release|Any CPU
		{1665414C-77DC-4230-9A65-636A3586E658}.Debug|Any CPU.ActiveCfg = Debug|Any CPU
		{1665414C-77DC-4230-9A65-636A3586E658}.Debug|Any CPU.Build.0 = Debug|Any CPU
		{1665414C-77DC-4230-9A65-636A3586E658}.Release|Any CPU.ActiveCfg = Release|Any CPU
		{1665414C-77DC-4230-9A65-636A3586E658}.Release|Any CPU.Build.0 = Release|Any CPU
		{D528DA0F-749C-4524-BDC7-CA85DE4B37E3}.Debug|Any CPU.ActiveCfg = Debug|Any CPU
		{D528DA0F-749C-4524-BDC7-CA85DE4B37E3}.Debug|Any CPU.Build.0 = Debug|Any CPU
		{D528DA0F-749C-4524-BDC7-CA85DE4B37E3}.Release|Any CPU.ActiveCfg = Release|Any CPU
		{D528DA0F-749C-4524-BDC7-CA85DE4B37E3}.Release|Any CPU.Build.0 = Release|Any CPU
		{1CEF45C9-15E1-4491-A0C8-21298599ED6D}.Debug|Any CPU.ActiveCfg = Debug|Any CPU
		{1CEF45C9-15E1-4491-A0C8-21298599ED6D}.Debug|Any CPU.Build.0 = Debug|Any CPU
		{1CEF45C9-15E1-4491-A0C8-21298599ED6D}.Release|Any CPU.ActiveCfg = Release|Any CPU
		{1CEF45C9-15E1-4491-A0C8-21298599ED6D}.Release|Any CPU.Build.0 = Release|Any CPU
		{C681F36D-3DDC-463E-8AD3-8294BDE90B3C}.Debug|Any CPU.ActiveCfg = Debug|Any CPU
		{C681F36D-3DDC-463E-8AD3-8294BDE90B3C}.Debug|Any CPU.Build.0 = Debug|Any CPU
		{C681F36D-3DDC-463E-8AD3-8294BDE90B3C}.Release|Any CPU.ActiveCfg = Release|Any CPU
		{C681F36D-3DDC-463E-8AD3-8294BDE90B3C}.Release|Any CPU.Build.0 = Release|Any CPU
		{C7D4EE3D-809C-4D0E-85B4-818075F93A8B}.Debug|Any CPU.ActiveCfg = Debug|Any CPU
		{C7D4EE3D-809C-4D0E-85B4-818075F93A8B}.Debug|Any CPU.Build.0 = Debug|Any CPU
		{C7D4EE3D-809C-4D0E-85B4-818075F93A8B}.Release|Any CPU.ActiveCfg = Release|Any CPU
		{C7D4EE3D-809C-4D0E-85B4-818075F93A8B}.Release|Any CPU.Build.0 = Release|Any CPU
		{F00B0BE4-04C5-4074-803A-B1BDC08A61AD}.Debug|Any CPU.ActiveCfg = Debug|Any CPU
		{F00B0BE4-04C5-4074-803A-B1BDC08A61AD}.Debug|Any CPU.Build.0 = Debug|Any CPU
		{F00B0BE4-04C5-4074-803A-B1BDC08A61AD}.Release|Any CPU.ActiveCfg = Release|Any CPU
		{F00B0BE4-04C5-4074-803A-B1BDC08A61AD}.Release|Any CPU.Build.0 = Release|Any CPU
		{E6BCF1E3-5DC7-4EE3-8ABA-DCA9FF241BDB}.Debug|Any CPU.ActiveCfg = Debug|Any CPU
		{E6BCF1E3-5DC7-4EE3-8ABA-DCA9FF241BDB}.Debug|Any CPU.Build.0 = Debug|Any CPU
		{E6BCF1E3-5DC7-4EE3-8ABA-DCA9FF241BDB}.Release|Any CPU.ActiveCfg = Release|Any CPU
		{E6BCF1E3-5DC7-4EE3-8ABA-DCA9FF241BDB}.Release|Any CPU.Build.0 = Release|Any CPU
		{FBE7482C-EFDD-4E3E-9A58-A7A873273E4F}.Debug|Any CPU.ActiveCfg = Debug|Any CPU
		{FBE7482C-EFDD-4E3E-9A58-A7A873273E4F}.Debug|Any CPU.Build.0 = Debug|Any CPU
		{FBE7482C-EFDD-4E3E-9A58-A7A873273E4F}.Release|Any CPU.ActiveCfg = Release|Any CPU
		{FBE7482C-EFDD-4E3E-9A58-A7A873273E4F}.Release|Any CPU.Build.0 = Release|Any CPU
	EndGlobalSection
	GlobalSection(SolutionProperties) = preSolution
		HideSolutionNode = FALSE
	EndGlobalSection
	GlobalSection(ExtensibilityGlobals) = postSolution
		SolutionGuid = {6A5715DA-2470-4E95-84EE-4F7A470F6007}
	EndGlobalSection
EndGlobal
